
Microsoft Visual Studio Solution File, Format Version 12.00
# Visual Studio 15
VisualStudioVersion = 15.0.26730.16
MinimumVisualStudioVersion = 10.0.40219.1
Project("{FAE04EC0-301F-11D3-BF4B-00C04F79EFBC}") = "inventar", "inventar\inventar.csproj", "{C6CA34B5-0081-4DE7-AF6E-A3EEC78C7C49}"
EndProject
Global
	GlobalSection(SolutionConfigurationPlatforms) = preSolution
		Debug|Any CPU = Debug|Any CPU
		Release|Any CPU = Release|Any CPU
	EndGlobalSection
	GlobalSection(ProjectConfigurationPlatforms) = postSolution
		{C6CA34B5-0081-4DE7-AF6E-A3EEC78C7C49}.Debug|Any CPU.ActiveCfg = Debug|Any CPU
		{C6CA34B5-0081-4DE7-AF6E-A3EEC78C7C49}.Debug|Any CPU.Build.0 = Debug|Any CPU
		{C6CA34B5-0081-4DE7-AF6E-A3EEC78C7C49}.Release|Any CPU.ActiveCfg = Release|Any CPU
		{C6CA34B5-0081-4DE7-AF6E-A3EEC78C7C49}.Release|Any CPU.Build.0 = Release|Any CPU
	EndGlobalSection
	GlobalSection(SolutionProperties) = preSolution
		HideSolutionNode = FALSE
	EndGlobalSection
	GlobalSection(ExtensibilityGlobals) = postSolution
		SolutionGuid = {C7B9A09A-F4AA-4DF4-AD15-A92175660621}
	EndGlobalSection
EndGlobal
